
Microsoft Visual Studio Solution File, Format Version 12.00
# Visual Studio 15
VisualStudioVersion = 15.0.28307.136
MinimumVisualStudioVersion = 10.0.40219.1
Project("{9A19103F-16F7-4668-BE54-9A1E7A4F7556}") = "MinecraftServerScanner.Library", "MinecraftServerScanner.Library\MinecraftServerScanner.Library.csproj", "{D5A1BDDC-B20B-48CF-956E-92AF4FF013A3}"
EndProject
Project("{FAE04EC0-301F-11D3-BF4B-00C04F79EFBC}") = "MinecraftServerScanner.Client", "MinecraftServerScanner.Client\MinecraftServerScanner.Client.csproj", "{D7541873-F60A-4F76-A563-BAFE1FF60541}"
EndProject
Project("{FAE04EC0-301F-11D3-BF4B-00C04F79EFBC}") = "MinecraftServerScanner.Server", "MinecraftServerScanner.Server\MinecraftServerScanner.Server.csproj", "{A2A6D592-7975-4FE4-86EF-ACAC096EB984}"
EndProject
Global
	GlobalSection(SolutionConfigurationPlatforms) = preSolution
		Debug|Any CPU = Debug|Any CPU
		Release|Any CPU = Release|Any CPU
	EndGlobalSection
	GlobalSection(ProjectConfigurationPlatforms) = postSolution
		{D5A1BDDC-B20B-48CF-956E-92AF4FF013A3}.Debug|Any CPU.ActiveCfg = Debug|Any CPU
		{D5A1BDDC-B20B-48CF-956E-92AF4FF013A3}.Debug|Any CPU.Build.0 = Debug|Any CPU
		{D5A1BDDC-B20B-48CF-956E-92AF4FF013A3}.Release|Any CPU.ActiveCfg = Release|Any CPU
		{D5A1BDDC-B20B-48CF-956E-92AF4FF013A3}.Release|Any CPU.Build.0 = Release|Any CPU
		{D7541873-F60A-4F76-A563-BAFE1FF60541}.Debug|Any CPU.ActiveCfg = Debug|Any CPU
		{D7541873-F60A-4F76-A563-BAFE1FF60541}.Debug|Any CPU.Build.0 = Debug|Any CPU
		{D7541873-F60A-4F76-A563-BAFE1FF60541}.Release|Any CPU.ActiveCfg = Release|Any CPU
		{D7541873-F60A-4F76-A563-BAFE1FF60541}.Release|Any CPU.Build.0 = Release|Any CPU
		{A2A6D592-7975-4FE4-86EF-ACAC096EB984}.Debug|Any CPU.ActiveCfg = Debug|Any CPU
		{A2A6D592-7975-4FE4-86EF-ACAC096EB984}.Debug|Any CPU.Build.0 = Debug|Any CPU
		{A2A6D592-7975-4FE4-86EF-ACAC096EB984}.Release|Any CPU.ActiveCfg = Release|Any CPU
		{A2A6D592-7975-4FE4-86EF-ACAC096EB984}.Release|Any CPU.Build.0 = Release|Any CPU
	EndGlobalSection
	GlobalSection(SolutionProperties) = preSolution
		HideSolutionNode = FALSE
	EndGlobalSection
	GlobalSection(ExtensibilityGlobals) = postSolution
		SolutionGuid = {D5970D8F-A862-4F54-B796-C5A47FAC0370}
	EndGlobalSection
EndGlobal
